Microsoft Visual Studio Solution File, Format Version 12.00
# Visual Studio Version 17
VisualStudioVersion = 17.5.2.0
MinimumVisualStudioVersion = 10.0.40219.1
Project("{2150E333-8FDC-42A3-9474-1A3956D46DE8}") = "week1", "week1", "{0377D431-4109-1088-BB8F-0E0CDFEAF817}"
EndProject
Project("{FAE04EC0-301F-11D3-BF4B-00C04F79EFBC}") = "EcommerceSearchDemo", "week1\EcommerceSearchDemo\EcommerceSearchDemo.csproj", "{233BFBB5-A227-F098-2E52-A1531CC5F1FC}"
EndProject
Project("{FAE04EC0-301F-11D3-BF4B-00C04F79EFBC}") = "FactoryMethodPatternExample", "week1\FactoryMethodPatternExample\FactoryMethodPatternExample.csproj", "{99D70657-F75B-AAA3-82D3-5257CE4B534D}"
EndProject
Project("{FAE04EC0-301F-11D3-BF4B-00C04F79EFBC}") = "FinancialForecasting", "week1\FinancialForecasting\FinancialForecasting.csproj", "{D67908A5-DFDF-DC8F-BBB5-16A940EE03D7}"
EndProject
Project("{FAE04EC0-301F-11D3-BF4B-00C04F79EFBC}") = "SingletonPatternExample", "week1\SingletonPatternExample\SingletonPatternExample.csproj", "{93271E1B-BFE5-A6F9-E796-EEA8DC0F44E9}"
EndProject
Global
	GlobalSection(SolutionConfigurationPlatforms) = preSolution
		Debug|Any CPU = Debug|Any CPU
		Release|Any CPU = Release|Any CPU
	EndGlobalSection
	GlobalSection(ProjectConfigurationPlatforms) = postSolution
		{233BFBB5-A227-F098-2E52-A1531CC5F1FC}.Debug|Any CPU.ActiveCfg = Debug|Any CPU
		{233BFBB5-A227-F098-2E52-A1531CC5F1FC}.Debug|Any CPU.Build.0 = Debug|Any CPU
		{233BFBB5-A227-F098-2E52-A1531CC5F1FC}.Release|Any CPU.ActiveCfg = Release|Any CPU
		{233BFBB5-A227-F098-2E52-A1531CC5F1FC}.Release|Any CPU.Build.0 = Release|Any CPU
		{99D70657-F75B-AAA3-82D3-5257CE4B534D}.Debug|Any CPU.ActiveCfg = Debug|Any CPU
		{99D70657-F75B-AAA3-82D3-5257CE4B534D}.Debug|Any CPU.Build.0 = Debug|Any CPU
		{99D70657-F75B-AAA3-82D3-5257CE4B534D}.Release|Any CPU.ActiveCfg = Release|Any CPU
		{99D70657-F75B-AAA3-82D3-5257CE4B534D}.Release|Any CPU.Build.0 = Release|Any CPU
		{D67908A5-DFDF-DC8F-BBB5-16A940EE03D7}.Debug|Any CPU.ActiveCfg = Debug|Any CPU
		{D67908A5-DFDF-DC8F-BBB5-16A940EE03D7}.Debug|Any CPU.Build.0 = Debug|Any CPU
		{D67908A5-DFDF-DC8F-BBB5-16A940EE03D7}.Release|Any CPU.ActiveCfg = Release|Any CPU
		{D67908A5-DFDF-DC8F-BBB5-16A940EE03D7}.Release|Any CPU.Build.0 = Release|Any CPU
		{93271E1B-BFE5-A6F9-E796-EEA8DC0F44E9}.Debug|Any CPU.ActiveCfg = Debug|Any CPU
		{93271E1B-BFE5-A6F9-E796-EEA8DC0F44E9}.Debug|Any CPU.Build.0 = Debug|Any CPU
		{93271E1B-BFE5-A6F9-E796-EEA8DC0F44E9}.Release|Any CPU.ActiveCfg = Release|Any CPU
		{93271E1B-BFE5-A6F9-E796-EEA8DC0F44E9}.Release|Any CPU.Build.0 = Release|Any CPU
	EndGlobalSection
	GlobalSection(SolutionProperties) = preSolution
		HideSolutionNode = FALSE
	EndGlobalSection
	GlobalSection(NestedProjects) = preSolution
		{233BFBB5-A227-F098-2E52-A1531CC5F1FC} = {0377D431-4109-1088-BB8F-0E0CDFEAF817}
		{99D70657-F75B-AAA3-82D3-5257CE4B534D} = {0377D431-4109-1088-BB8F-0E0CDFEAF817}
		{D67908A5-DFDF-DC8F-BBB5-16A940EE03D7} = {0377D431-4109-1088-BB8F-0E0CDFEAF817}
		{93271E1B-BFE5-A6F9-E796-EEA8DC0F44E9} = {0377D431-4109-1088-BB8F-0E0CDFEAF817}
	EndGlobalSection
	GlobalSection(ExtensibilityGlobals) = postSolution
		SolutionGuid = {B4C022DB-0574-4687-8FF4-1B556F8C3563}
	EndGlobalSection
EndGlobal
